
Microsoft Visual Studio Solution File, Format Version 12.00
# Visual Studio Version 17
VisualStudioVersion = 17.14.36429.23 d17.14
MinimumVisualStudioVersion = 10.0.40219.1
Project("{FAE04EC0-301F-11D3-BF4B-00C04F79EFBC}") = "NorthwindCustomerApp", "NorthwindCustomerApp\NorthwindCustomerApp.csproj", "{5ED3952A-8296-4EBF-BBE7-E4A10271EE89}"
EndProject
Global
	GlobalSection(SolutionConfigurationPlatforms) = preSolution
		Debug|Any CPU = Debug|Any CPU
		Release|Any CPU = Release|Any CPU
	EndGlobalSection
	GlobalSection(ProjectConfigurationPlatforms) = postSolution
		{5ED3952A-8296-4EBF-BBE7-E4A10271EE89}.Debug|Any CPU.ActiveCfg = Debug|Any CPU
		{5ED3952A-8296-4EBF-BBE7-E4A10271EE89}.Debug|Any CPU.Build.0 = Debug|Any CPU
		{5ED3952A-8296-4EBF-BBE7-E4A10271EE89}.Release|Any CPU.ActiveCfg = Release|Any CPU
		{5ED3952A-8296-4EBF-BBE7-E4A10271EE89}.Release|Any CPU.Build.0 = Release|Any CPU
	EndGlobalSection
	GlobalSection(SolutionProperties) = preSolution
		HideSolutionNode = FALSE
	EndGlobalSection
	GlobalSection(ExtensibilityGlobals) = postSolution
		SolutionGuid = {94E56E93-8E12-4497-9C49-4F2C3D753976}
	EndGlobalSection
EndGlobal
